
Microsoft Visual Studio Solution File, Format Version 12.00
# Visual Studio Version 16
VisualStudioVersion = 16.0.31019.35
MinimumVisualStudioVersion = 10.0.40219.1
Project("{8BC9CEB8-8B4A-11D0-8D11-00A0C91BC942}") = "2021_8_3", "2021_8_3.vcxproj", "{67F5C4C1-D18C-4DE5-990D-3C1F8F91F191}"
EndProject
Global
	GlobalSection(SolutionConfigurationPlatforms) = preSolution
		Debug|x64 = Debug|x64
		Debug|x86 = Debug|x86
		Release|x64 = Release|x64
		Release|x86 = Release|x86
	EndGlobalSection
	GlobalSection(ProjectConfigurationPlatforms) = postSolution
		{67F5C4C1-D18C-4DE5-990D-3C1F8F91F191}.Debug|x64.ActiveCfg = Debug|x64
		{67F5C4C1-D18C-4DE5-990D-3C1F8F91F191}.Debug|x64.Build.0 = Debug|x64
		{67F5C4C1-D18C-4DE5-990D-3C1F8F91F191}.Debug|x86.ActiveCfg = Debug|Win32
		{67F5C4C1-D18C-4DE5-990D-3C1F8F91F191}.Debug|x86.Build.0 = Debug|Win32
		{67F5C4C1-D18C-4DE5-990D-3C1F8F91F191}.Release|x64.ActiveCfg = Release|x64
		{67F5C4C1-D18C-4DE5-990D-3C1F8F91F191}.Release|x64.Build.0 = Release|x64
		{67F5C4C1-D18C-4DE5-990D-3C1F8F91F191}.Release|x86.ActiveCfg = Release|Win32
		{67F5C4C1-D18C-4DE5-990D-3C1F8F91F191}.Release|x86.Build.0 = Release|Win32
	EndGlobalSection
	GlobalSection(SolutionProperties) = preSolution
		HideSolutionNode = FALSE
	EndGlobalSection
	GlobalSection(ExtensibilityGlobals) = postSolution
		SolutionGuid = {941D086A-7485-47D7-AD3A-2B9852E4ED5E}
	EndGlobalSection
EndGlobal
