
Microsoft Visual Studio Solution File, Format Version 12.00
# Visual Studio Version 16
VisualStudioVersion = 16.0.31019.35
MinimumVisualStudioVersion = 10.0.40219.1
Project("{8BC9CEB8-8B4A-11D0-8D11-00A0C91BC942}") = "2021_8_4", "2021_8_4.vcxproj", "{8121FF9F-12C7-4FB8-83C3-B5F29AEA145D}"
EndProject
Global
	GlobalSection(SolutionConfigurationPlatforms) = preSolution
		Debug|x64 = Debug|x64
		Debug|x86 = Debug|x86
		Release|x64 = Release|x64
		Release|x86 = Release|x86
	EndGlobalSection
	GlobalSection(ProjectConfigurationPlatforms) = postSolution
		{8121FF9F-12C7-4FB8-83C3-B5F29AEA145D}.Debug|x64.ActiveCfg = Debug|x64
		{8121FF9F-12C7-4FB8-83C3-B5F29AEA145D}.Debug|x64.Build.0 = Debug|x64
		{8121FF9F-12C7-4FB8-83C3-B5F29AEA145D}.Debug|x86.ActiveCfg = Debug|Win32
		{8121FF9F-12C7-4FB8-83C3-B5F29AEA145D}.Debug|x86.Build.0 = Debug|Win32
		{8121FF9F-12C7-4FB8-83C3-B5F29AEA145D}.Release|x64.ActiveCfg = Release|x64
		{8121FF9F-12C7-4FB8-83C3-B5F29AEA145D}.Release|x64.Build.0 = Release|x64
		{8121FF9F-12C7-4FB8-83C3-B5F29AEA145D}.Release|x86.ActiveCfg = Release|Win32
		{8121FF9F-12C7-4FB8-83C3-B5F29AEA145D}.Release|x86.Build.0 = Release|Win32
	EndGlobalSection
	GlobalSection(SolutionProperties) = preSolution
		HideSolutionNode = FALSE
	EndGlobalSection
	GlobalSection(ExtensibilityGlobals) = postSolution
		SolutionGuid = {4FDAC83D-CD14-46EB-8B3A-AE5ACC21CA27}
	EndGlobalSection
EndGlobal
